
Microsoft Visual Studio Solution File, Format Version 12.00
# Visual Studio Version 16
VisualStudioVersion = 16.0.31727.386
MinimumVisualStudioVersion = 10.0.40219.1
Project("{FAE04EC0-301F-11D3-BF4B-00C04F79EFBC}") = "ATMsimulator", "ATMsimulator\ATMsimulator.csproj", "{B4F98721-2B71-4EDE-AF53-D70BF715A01D}"
EndProject
Global
	GlobalSection(SolutionConfigurationPlatforms) = preSolution
		Debug|Any CPU = Debug|Any CPU
		Release|Any CPU = Release|Any CPU
	EndGlobalSection
	GlobalSection(ProjectConfigurationPlatforms) = postSolution
		{B4F98721-2B71-4EDE-AF53-D70BF715A01D}.Debug|Any CPU.ActiveCfg = Debug|Any CPU
		{B4F98721-2B71-4EDE-AF53-D70BF715A01D}.Debug|Any CPU.Build.0 = Debug|Any CPU
		{B4F98721-2B71-4EDE-AF53-D70BF715A01D}.Release|Any CPU.ActiveCfg = Release|Any CPU
		{B4F98721-2B71-4EDE-AF53-D70BF715A01D}.Release|Any CPU.Build.0 = Release|Any CPU
	EndGlobalSection
	GlobalSection(SolutionProperties) = preSolution
		HideSolutionNode = FALSE
	EndGlobalSection
	GlobalSection(ExtensibilityGlobals) = postSolution
		SolutionGuid = {EEB51580-7A3E-4C99-ABA6-F3914729424D}
	EndGlobalSection
EndGlobal
